
Microsoft Visual Studio Solution File, Format Version 12.00
# Visual Studio 2012
Project("{FAE04EC0-301F-11D3-BF4B-00C04F79EFBC}") = "Labb2Upg1", "Labb2Upg1\Labb2Upg1.csproj", "{3CAC74FC-ABE2-47B1-8A20-98519593999E}"
EndProject
Global
	GlobalSection(SolutionConfigurationPlatforms) = preSolution
		Debug|x86 = Debug|x86
		Release|x86 = Release|x86
	EndGlobalSection
	GlobalSection(ProjectConfigurationPlatforms) = postSolution
		{3CAC74FC-ABE2-47B1-8A20-98519593999E}.Debug|x86.ActiveCfg = Debug|x86
		{3CAC74FC-ABE2-47B1-8A20-98519593999E}.Debug|x86.Build.0 = Debug|x86
		{3CAC74FC-ABE2-47B1-8A20-98519593999E}.Release|x86.ActiveCfg = Release|x86
		{3CAC74FC-ABE2-47B1-8A20-98519593999E}.Release|x86.Build.0 = Release|x86
	EndGlobalSection
	GlobalSection(SolutionProperties) = preSolution
		HideSolutionNode = FALSE
	EndGlobalSection
EndGlobal
