
Microsoft Visual Studio Solution File, Format Version 12.00
# Visual Studio 2012
Project("{FAE04EC0-301F-11D3-BF4B-00C04F79EFBC}") = "Upg1", "Upg1\Upg1.csproj", "{F52B2D6D-440D-4520-99A7-AEA01C98D2F1}"
EndProject
Global
	GlobalSection(SolutionConfigurationPlatforms) = preSolution
		Debug|x86 = Debug|x86
		Release|x86 = Release|x86
	EndGlobalSection
	GlobalSection(ProjectConfigurationPlatforms) = postSolution
		{F52B2D6D-440D-4520-99A7-AEA01C98D2F1}.Debug|x86.ActiveCfg = Debug|x86
		{F52B2D6D-440D-4520-99A7-AEA01C98D2F1}.Debug|x86.Build.0 = Debug|x86
		{F52B2D6D-440D-4520-99A7-AEA01C98D2F1}.Release|x86.ActiveCfg = Release|x86
		{F52B2D6D-440D-4520-99A7-AEA01C98D2F1}.Release|x86.Build.0 = Release|x86
	EndGlobalSection
	GlobalSection(SolutionProperties) = preSolution
		HideSolutionNode = FALSE
	EndGlobalSection
EndGlobal
