
Microsoft Visual Studio Solution File, Format Version 12.00
# Visual Studio 2012
Project("{FAE04EC0-301F-11D3-BF4B-00C04F79EFBC}") = "Labb1", "Labb1\Labb1.csproj", "{272BBA10-C1A3-4901-ADA1-3EBDF9667D4B}"
EndProject
Global
	GlobalSection(SolutionConfigurationPlatforms) = preSolution
		Debug|x86 = Debug|x86
		Release|x86 = Release|x86
	EndGlobalSection
	GlobalSection(ProjectConfigurationPlatforms) = postSolution
		{272BBA10-C1A3-4901-ADA1-3EBDF9667D4B}.Debug|x86.ActiveCfg = Debug|x86
		{272BBA10-C1A3-4901-ADA1-3EBDF9667D4B}.Debug|x86.Build.0 = Debug|x86
		{272BBA10-C1A3-4901-ADA1-3EBDF9667D4B}.Release|x86.ActiveCfg = Release|x86
		{272BBA10-C1A3-4901-ADA1-3EBDF9667D4B}.Release|x86.Build.0 = Release|x86
	EndGlobalSection
	GlobalSection(SolutionProperties) = preSolution
		HideSolutionNode = FALSE
	EndGlobalSection
EndGlobal
